
Microsoft Visual Studio Solution File, Format Version 12.00
# Visual Studio Version 16
VisualStudioVersion = 16.0.31129.286
MinimumVisualStudioVersion = 10.0.40219.1
Project("{9A19103F-16F7-4668-BE54-9A1E7A4F7556}") = "CommonShared", "CommonShared\CommonShared.csproj", "{02B286C0-0D84-4857-9199-3859793BA7DD}"
EndProject
Project("{9A19103F-16F7-4668-BE54-9A1E7A4F7556}") = "WebApi", "WebApi\WebApi.csproj", "{D47F688F-2048-4FC0-8678-335B98362042}"
EndProject
Project("{FAE04EC0-301F-11D3-BF4B-00C04F79EFBC}") = "StudentEnd.UWP", "StudentEnd\StudentEnd.UWP\StudentEnd.UWP.csproj", "{4DCB1A9E-0A90-457C-97B7-01FDBCE0285D}"
EndProject
Project("{FAE04EC0-301F-11D3-BF4B-00C04F79EFBC}") = "StudentEnd.Droid", "StudentEnd\StudentEnd.Droid\StudentEnd.Droid.csproj", "{D2814295-5E0D-4C42-A71B-5746290753D0}"
EndProject
Project("{9A19103F-16F7-4668-BE54-9A1E7A4F7556}") = "StudentEnd", "StudentEnd\StudentEnd\StudentEnd.csproj", "{88B7B7E1-AF73-47AD-91BA-494F91E3275D}"
EndProject
Project("{FAE04EC0-301F-11D3-BF4B-00C04F79EFBC}") = "TeacherEnd.UWP", "TeacherEnd\TeacherEnd.UWP\TeacherEnd.UWP.csproj", "{C7D95F86-06B1-489F-9FE2-32E710CB3CF3}"
EndProject
Project("{FAE04EC0-301F-11D3-BF4B-00C04F79EFBC}") = "TeacherEnd.Droid", "TeacherEnd\TeacherEnd.Droid\TeacherEnd.Droid.csproj", "{D856B190-82D4-40E6-BDE8-1E3EB631EF0F}"
EndProject
Project("{9A19103F-16F7-4668-BE54-9A1E7A4F7556}") = "TeacherEnd", "TeacherEnd\TeacherEnd\TeacherEnd.csproj", "{3D16676E-719A-4897-8C17-6D52EBD82808}"
EndProject
Project("{9A19103F-16F7-4668-BE54-9A1E7A4F7556}") = "AppShared", "AppShared\AppShared.csproj", "{03438C40-B8A4-473B-A081-A3C1CE705437}"
EndProject
Global
	GlobalSection(SolutionConfigurationPlatforms) = preSolution
		Debug|Any CPU = Debug|Any CPU
		Debug|ARM = Debug|ARM
		Debug|iPhone = Debug|iPhone
		Debug|iPhoneSimulator = Debug|iPhoneSimulator
		Debug|x64 = Debug|x64
		Debug|x86 = Debug|x86
		Release|Any CPU = Release|Any CPU
		Release|ARM = Release|ARM
		Release|iPhone = Release|iPhone
		Release|iPhoneSimulator = Release|iPhoneSimulator
		Release|x64 = Release|x64
		Release|x86 = Release|x86
	EndGlobalSection
	GlobalSection(ProjectConfigurationPlatforms) = postSolution
		{02B286C0-0D84-4857-9199-3859793BA7DD}.Debug|Any CPU.ActiveCfg = Debug|Any CPU
		{02B286C0-0D84-4857-9199-3859793BA7DD}.Debug|Any CPU.Build.0 = Debug|Any CPU
		{02B286C0-0D84-4857-9199-3859793BA7DD}.Debug|ARM.ActiveCfg = Debug|Any CPU
		{02B286C0-0D84-4857-9199-3859793BA7DD}.Debug|ARM.Build.0 = Debug|Any CPU
		{02B286C0-0D84-4857-9199-3859793BA7DD}.Debug|iPhone.ActiveCfg = Debug|Any CPU
		{02B286C0-0D84-4857-9199-3859793BA7DD}.Debug|iPhone.Build.0 = Debug|Any CPU
		{02B286C0-0D84-4857-9199-3859793BA7DD}.Debug|iPhoneSimulator.ActiveCfg = Debug|Any CPU
		{02B286C0-0D84-4857-9199-3859793BA7DD}.Debug|iPhoneSimulator.Build.0 = Debug|Any CPU
		{02B286C0-0D84-4857-9199-3859793BA7DD}.Debug|x64.ActiveCfg = Debug|Any CPU
		{02B286C0-0D84-4857-9199-3859793BA7DD}.Debug|x64.Build.0 = Debug|Any CPU
		{02B286C0-0D84-4857-9199-3859793BA7DD}.Debug|x86.ActiveCfg = Debug|Any CPU
		{02B286C0-0D84-4857-9199-3859793BA7DD}.Debug|x86.Build.0 = Debug|Any CPU
		{02B286C0-0D84-4857-9199-3859793BA7DD}.Release|Any CPU.ActiveCfg = Release|Any CPU
		{02B286C0-0D84-4857-9199-3859793BA7DD}.Release|Any CPU.Build.0 = Release|Any CPU
		{02B286C0-0D84-4857-9199-3859793BA7DD}.Release|ARM.ActiveCfg = Release|Any CPU
		{02B286C0-0D84-4857-9199-3859793BA7DD}.Release|ARM.Build.0 = Release|Any CPU
		{02B286C0-0D84-4857-9199-3859793BA7DD}.Release|iPhone.ActiveCfg = Release|Any CPU
		{02B286C0-0D84-4857-9199-3859793BA7DD}.Release|iPhone.Build.0 = Release|Any CPU
		{02B286C0-0D84-4857-9199-3859793BA7DD}.Release|iPhoneSimulator.ActiveCfg = Release|Any CPU
		{02B286C0-0D84-4857-9199-3859793BA7DD}.Release|iPhoneSimulator.Build.0 = Release|Any CPU
		{02B286C0-0D84-4857-9199-3859793BA7DD}.Release|x64.ActiveCfg = Release|Any CPU
		{02B286C0-0D84-4857-9199-3859793BA7DD}.Release|x64.Build.0 = Release|Any CPU
		{02B286C0-0D84-4857-9199-3859793BA7DD}.Release|x86.ActiveCfg = Release|Any CPU
		{02B286C0-0D84-4857-9199-3859793BA7DD}.Release|x86.Build.0 = Release|Any CPU
		{D47F688F-2048-4FC0-8678-335B98362042}.Debug|Any CPU.ActiveCfg = Debug|Any CPU
		{D47F688F-2048-4FC0-8678-335B98362042}.Debug|Any CPU.Build.0 = Debug|Any CPU
		{D47F688F-2048-4FC0-8678-335B98362042}.Debug|ARM.ActiveCfg = Debug|Any CPU
		{D47F688F-2048-4FC0-8678-335B98362042}.Debug|ARM.Build.0 = Debug|Any CPU
		{D47F688F-2048-4FC0-8678-335B98362042}.Debug|iPhone.ActiveCfg = Debug|Any CPU
		{D47F688F-2048-4FC0-8678-335B98362042}.Debug|iPhone.Build.0 = Debug|Any CPU
		{D47F688F-2048-4FC0-8678-335B98362042}.Debug|iPhoneSimulator.ActiveCfg = Debug|Any CPU
		{D47F688F-2048-4FC0-8678-335B98362042}.Debug|iPhoneSimulator.Build.0 = Debug|Any CPU
		{D47F688F-2048-4FC0-8678-335B98362042}.Debug|x64.ActiveCfg = Debug|Any CPU
		{D47F688F-2048-4FC0-8678-335B98362042}.Debug|x64.Build.0 = Debug|Any CPU
		{D47F688F-2048-4FC0-8678-335B98362042}.Debug|x86.ActiveCfg = Debug|Any CPU
		{D47F688F-2048-4FC0-8678-335B98362042}.Debug|x86.Build.0 = Debug|Any CPU
		{D47F688F-2048-4FC0-8678-335B98362042}.Release|Any CPU.ActiveCfg = Release|Any CPU
		{D47F688F-2048-4FC0-8678-335B98362042}.Release|Any CPU.Build.0 = Release|Any CPU
		{D47F688F-2048-4FC0-8678-335B98362042}.Release|ARM.ActiveCfg = Release|Any CPU
		{D47F688F-2048-4FC0-8678-335B98362042}.Release|ARM.Build.0 = Release|Any CPU
		{D47F688F-2048-4FC0-8678-335B98362042}.Release|iPhone.ActiveCfg = Release|Any CPU
		{D47F688F-2048-4FC0-8678-335B98362042}.Release|iPhone.Build.0 = Release|Any CPU
		{D47F688F-2048-4FC0-8678-335B98362042}.Release|iPhoneSimulator.ActiveCfg = Release|Any CPU
		{D47F688F-2048-4FC0-8678-335B98362042}.Release|iPhoneSimulator.Build.0 = Release|Any CPU
		{D47F688F-2048-4FC0-8678-335B98362042}.Release|x64.ActiveCfg = Release|Any CPU
		{D47F688F-2048-4FC0-8678-335B98362042}.Release|x64.Build.0 = Release|Any CPU
		{D47F688F-2048-4FC0-8678-335B98362042}.Release|x86.ActiveCfg = Release|Any CPU
		{D47F688F-2048-4FC0-8678-335B98362042}.Release|x86.Build.0 = Release|Any CPU
		{4DCB1A9E-0A90-457C-97B7-01FDBCE0285D}.Debug|Any CPU.ActiveCfg = Debug|x64
		{4DCB1A9E-0A90-457C-97B7-01FDBCE0285D}.Debug|Any CPU.Build.0 = Debug|x64
		{4DCB1A9E-0A90-457C-97B7-01FDBCE0285D}.Debug|Any CPU.Deploy.0 = Debug|x64
		{4DCB1A9E-0A90-457C-97B7-01FDBCE0285D}.Debug|ARM.ActiveCfg = Debug|ARM
		{4DCB1A9E-0A90-457C-97B7-01FDBCE0285D}.Debug|ARM.Build.0 = Debug|ARM
		{4DCB1A9E-0A90-457C-97B7-01FDBCE0285D}.Debug|ARM.Deploy.0 = Debug|ARM
		{4DCB1A9E-0A90-457C-97B7-01FDBCE0285D}.Debug|iPhone.ActiveCfg = Debug|x86
		{4DCB1A9E-0A90-457C-97B7-01FDBCE0285D}.Debug|iPhoneSimulator.ActiveCfg = Debug|x86
		{4DCB1A9E-0A90-457C-97B7-01FDBCE0285D}.Debug|x64.ActiveCfg = Debug|x64
		{4DCB1A9E-0A90-457C-97B7-01FDBCE0285D}.Debug|x64.Build.0 = Debug|x64
		{4DCB1A9E-0A90-457C-97B7-01FDBCE0285D}.Debug|x64.Deploy.0 = Debug|x64
		{4DCB1A9E-0A90-457C-97B7-01FDBCE0285D}.Debug|x86.ActiveCfg = Debug|x86
		{4DCB1A9E-0A90-457C-97B7-01FDBCE0285D}.Debug|x86.Build.0 = Debug|x86
		{4DCB1A9E-0A90-457C-97B7-01FDBCE0285D}.Debug|x86.Deploy.0 = Debug|x86
		{4DCB1A9E-0A90-457C-97B7-01FDBCE0285D}.Release|Any CPU.ActiveCfg = Release|x86
		{4DCB1A9E-0A90-457C-97B7-01FDBCE0285D}.Release|ARM.ActiveCfg = Release|ARM
		{4DCB1A9E-0A90-457C-97B7-01FDBCE0285D}.Release|ARM.Build.0 = Release|ARM
		{4DCB1A9E-0A90-457C-97B7-01FDBCE0285D}.Release|ARM.Deploy.0 = Release|ARM
		{4DCB1A9E-0A90-457C-97B7-01FDBCE0285D}.Release|iPhone.ActiveCfg = Release|x86
		{4DCB1A9E-0A90-457C-97B7-01FDBCE0285D}.Release|iPhoneSimulator.ActiveCfg = Release|x86
		{4DCB1A9E-0A90-457C-97B7-01FDBCE0285D}.Release|x64.ActiveCfg = Release|x64
		{4DCB1A9E-0A90-457C-97B7-01FDBCE0285D}.Release|x64.Build.0 = Release|x64
		{4DCB1A9E-0A90-457C-97B7-01FDBCE0285D}.Release|x64.Deploy.0 = Release|x64
		{4DCB1A9E-0A90-457C-97B7-01FDBCE0285D}.Release|x86.ActiveCfg = Release|x86
		{4DCB1A9E-0A90-457C-97B7-01FDBCE0285D}.Release|x86.Build.0 = Release|x86
		{4DCB1A9E-0A90-457C-97B7-01FDBCE0285D}.Release|x86.Deploy.0 = Release|x86
		{D2814295-5E0D-4C42-A71B-5746290753D0}.Debug|Any CPU.ActiveCfg = Debug|Any CPU
		{D2814295-5E0D-4C42-A71B-5746290753D0}.Debug|Any CPU.Build.0 = Debug|Any CPU
		{D2814295-5E0D-4C42-A71B-5746290753D0}.Debug|Any CPU.Deploy.0 = Debug|Any CPU
		{D2814295-5E0D-4C42-A71B-5746290753D0}.Debug|ARM.ActiveCfg = Debug|Any CPU
		{D2814295-5E0D-4C42-A71B-5746290753D0}.Debug|ARM.Build.0 = Debug|Any CPU
		{D2814295-5E0D-4C42-A71B-5746290753D0}.Debug|ARM.Deploy.0 = Debug|Any CPU
		{D2814295-5E0D-4C42-A71B-5746290753D0}.Debug|iPhone.ActiveCfg = Debug|Any CPU
		{D2814295-5E0D-4C42-A71B-5746290753D0}.Debug|iPhone.Build.0 = Debug|Any CPU
		{D2814295-5E0D-4C42-A71B-5746290753D0}.Debug|iPhone.Deploy.0 = Debug|Any CPU
		{D2814295-5E0D-4C42-A71B-5746290753D0}.Debug|iPhoneSimulator.ActiveCfg = Debug|Any CPU
		{D2814295-5E0D-4C42-A71B-5746290753D0}.Debug|iPhoneSimulator.Build.0 = Debug|Any CPU
		{D2814295-5E0D-4C42-A71B-5746290753D0}.Debug|iPhoneSimulator.Deploy.0 = Debug|Any CPU
		{D2814295-5E0D-4C42-A71B-5746290753D0}.Debug|x64.ActiveCfg = Debug|Any CPU
		{D2814295-5E0D-4C42-A71B-5746290753D0}.Debug|x64.Build.0 = Debug|Any CPU
		{D2814295-5E0D-4C42-A71B-5746290753D0}.Debug|x64.Deploy.0 = Debug|Any CPU
		{D2814295-5E0D-4C42-A71B-5746290753D0}.Debug|x86.ActiveCfg = Debug|Any CPU
		{D2814295-5E0D-4C42-A71B-5746290753D0}.Debug|x86.Build.0 = Debug|Any CPU
		{D2814295-5E0D-4C42-A71B-5746290753D0}.Debug|x86.Deploy.0 = Debug|Any CPU
		{D2814295-5E0D-4C42-A71B-5746290753D0}.Release|Any CPU.ActiveCfg = Release|Any CPU
		{D2814295-5E0D-4C42-A71B-5746290753D0}.Release|Any CPU.Build.0 = Release|Any CPU
		{D2814295-5E0D-4C42-A71B-5746290753D0}.Release|Any CPU.Deploy.0 = Release|Any CPU
		{D2814295-5E0D-4C42-A71B-5746290753D0}.Release|ARM.ActiveCfg = Release|Any CPU
		{D2814295-5E0D-4C42-A71B-5746290753D0}.Release|ARM.Build.0 = Release|Any CPU
		{D2814295-5E0D-4C42-A71B-5746290753D0}.Release|ARM.Deploy.0 = Release|Any CPU
		{D2814295-5E0D-4C42-A71B-5746290753D0}.Release|iPhone.ActiveCfg = Release|Any CPU
		{D2814295-5E0D-4C42-A71B-5746290753D0}.Release|iPhone.Build.0 = Release|Any CPU
		{D2814295-5E0D-4C42-A71B-5746290753D0}.Release|iPhone.Deploy.0 = Release|Any CPU
		{D2814295-5E0D-4C42-A71B-5746290753D0}.Release|iPhoneSimulator.ActiveCfg = Release|Any CPU
		{D2814295-5E0D-4C42-A71B-5746290753D0}.Release|iPhoneSimulator.Build.0 = Release|Any CPU
		{D2814295-5E0D-4C42-A71B-5746290753D0}.Release|iPhoneSimulator.Deploy.0 = Release|Any CPU
		{D2814295-5E0D-4C42-A71B-5746290753D0}.Release|x64.ActiveCfg = Release|Any CPU
		{D2814295-5E0D-4C42-A71B-5746290753D0}.Release|x64.Build.0 = Release|Any CPU
		{D2814295-5E0D-4C42-A71B-5746290753D0}.Release|x64.Deploy.0 = Release|Any CPU
		{D2814295-5E0D-4C42-A71B-5746290753D0}.Release|x86.ActiveCfg = Release|Any CPU
		{D2814295-5E0D-4C42-A71B-5746290753D0}.Release|x86.Build.0 = Release|Any CPU
		{D2814295-5E0D-4C42-A71B-5746290753D0}.Release|x86.Deploy.0 = Release|Any CPU
		{88B7B7E1-AF73-47AD-91BA-494F91E3275D}.Debug|Any CPU.ActiveCfg = Debug|Any CPU
		{88B7B7E1-AF73-47AD-91BA-494F91E3275D}.Debug|Any CPU.Build.0 = Debug|Any CPU
		{88B7B7E1-AF73-47AD-91BA-494F91E3275D}.Debug|ARM.ActiveCfg = Debug|Any CPU
		{88B7B7E1-AF73-47AD-91BA-494F91E3275D}.Debug|ARM.Build.0 = Debug|Any CPU
		{88B7B7E1-AF73-47AD-91BA-494F91E3275D}.Debug|iPhone.ActiveCfg = Debug|Any CPU
		{88B7B7E1-AF73-47AD-91BA-494F91E3275D}.Debug|iPhone.Build.0 = Debug|Any CPU
		{88B7B7E1-AF73-47AD-91BA-494F91E3275D}.Debug|iPhoneSimulator.ActiveCfg = Debug|Any CPU
		{88B7B7E1-AF73-47AD-91BA-494F91E3275D}.Debug|iPhoneSimulator.Build.0 = Debug|Any CPU
		{88B7B7E1-AF73-47AD-91BA-494F91E3275D}.Debug|x64.ActiveCfg = Debug|Any CPU
		{88B7B7E1-AF73-47AD-91BA-494F91E3275D}.Debug|x64.Build.0 = Debug|Any CPU
		{88B7B7E1-AF73-47AD-91BA-494F91E3275D}.Debug|x86.ActiveCfg = Debug|Any CPU
		{88B7B7E1-AF73-47AD-91BA-494F91E3275D}.Debug|x86.Build.0 = Debug|Any CPU
		{88B7B7E1-AF73-47AD-91BA-494F91E3275D}.Release|Any CPU.ActiveCfg = Release|Any CPU
		{88B7B7E1-AF73-47AD-91BA-494F91E3275D}.Release|Any CPU.Build.0 = Release|Any CPU
		{88B7B7E1-AF73-47AD-91BA-494F91E3275D}.Release|ARM.ActiveCfg = Release|Any CPU
		{88B7B7E1-AF73-47AD-91BA-494F91E3275D}.Release|ARM.Build.0 = Release|Any CPU
		{88B7B7E1-AF73-47AD-91BA-494F91E3275D}.Release|iPhone.ActiveCfg = Release|Any CPU
		{88B7B7E1-AF73-47AD-91BA-494F91E3275D}.Release|iPhone.Build.0 = Release|Any CPU
		{88B7B7E1-AF73-47AD-91BA-494F91E3275D}.Release|iPhoneSimulator.ActiveCfg = Release|Any CPU
		{88B7B7E1-AF73-47AD-91BA-494F91E3275D}.Release|iPhoneSimulator.Build.0 = Release|Any CPU
		{88B7B7E1-AF73-47AD-91BA-494F91E3275D}.Release|x64.ActiveCfg = Release|Any CPU
		{88B7B7E1-AF73-47AD-91BA-494F91E3275D}.Release|x64.Build.0 = Release|Any CPU
		{88B7B7E1-AF73-47AD-91BA-494F91E3275D}.Release|x86.ActiveCfg = Release|Any CPU
		{88B7B7E1-AF73-47AD-91BA-494F91E3275D}.Release|x86.Build.0 = Release|Any CPU
		{C7D95F86-06B1-489F-9FE2-32E710CB3CF3}.Debug|Any CPU.ActiveCfg = Debug|x64
		{C7D95F86-06B1-489F-9FE2-32E710CB3CF3}.Debug|Any CPU.Build.0 = Debug|x64
		{C7D95F86-06B1-489F-9FE2-32E710CB3CF3}.Debug|Any CPU.Deploy.0 = Debug|x64
		{C7D95F86-06B1-489F-9FE2-32E710CB3CF3}.Debug|ARM.ActiveCfg = Debug|ARM
		{C7D95F86-06B1-489F-9FE2-32E710CB3CF3}.Debug|ARM.Build.0 = Debug|ARM
		{C7D95F86-06B1-489F-9FE2-32E710CB3CF3}.Debug|ARM.Deploy.0 = Debug|ARM
		{C7D95F86-06B1-489F-9FE2-32E710CB3CF3}.Debug|iPhone.ActiveCfg = Debug|x86
		{C7D95F86-06B1-489F-9FE2-32E710CB3CF3}.Debug|iPhoneSimulator.ActiveCfg = Debug|x86
		{C7D95F86-06B1-489F-9FE2-32E710CB3CF3}.Debug|x64.ActiveCfg = Debug|x64
		{C7D95F86-06B1-489F-9FE2-32E710CB3CF3}.Debug|x64.Build.0 = Debug|x64
		{C7D95F86-06B1-489F-9FE2-32E710CB3CF3}.Debug|x64.Deploy.0 = Debug|x64
		{C7D95F86-06B1-489F-9FE2-32E710CB3CF3}.Debug|x86.ActiveCfg = Debug|x86
		{C7D95F86-06B1-489F-9FE2-32E710CB3CF3}.Debug|x86.Build.0 = Debug|x86
		{C7D95F86-06B1-489F-9FE2-32E710CB3CF3}.Debug|x86.Deploy.0 = Debug|x86
		{C7D95F86-06B1-489F-9FE2-32E710CB3CF3}.Release|Any CPU.ActiveCfg = Release|x86
		{C7D95F86-06B1-489F-9FE2-32E710CB3CF3}.Release|ARM.ActiveCfg = Release|ARM
		{C7D95F86-06B1-489F-9FE2-32E710CB3CF3}.Release|ARM.Build.0 = Release|ARM
		{C7D95F86-06B1-489F-9FE2-32E710CB3CF3}.Release|ARM.Deploy.0 = Release|ARM
		{C7D95F86-06B1-489F-9FE2-32E710CB3CF3}.Release|iPhone.ActiveCfg = Release|x86
		{C7D95F86-06B1-489F-9FE2-32E710CB3CF3}.Release|iPhoneSimulator.ActiveCfg = Release|x86
		{C7D95F86-06B1-489F-9FE2-32E710CB3CF3}.Release|x64.ActiveCfg = Release|x64
		{C7D95F86-06B1-489F-9FE2-32E710CB3CF3}.Release|x64.Build.0 = Release|x64
		{C7D95F86-06B1-489F-9FE2-32E710CB3CF3}.Release|x64.Deploy.0 = Release|x64
		{C7D95F86-06B1-489F-9FE2-32E710CB3CF3}.Release|x86.ActiveCfg = Release|x86
		{C7D95F86-06B1-489F-9FE2-32E710CB3CF3}.Release|x86.Build.0 = Release|x86
		{C7D95F86-06B1-489F-9FE2-32E710CB3CF3}.Release|x86.Deploy.0 = Release|x86
		{D856B190-82D4-40E6-BDE8-1E3EB631EF0F}.Debug|Any CPU.ActiveCfg = Debug|Any CPU
		{D856B190-82D4-40E6-BDE8-1E3EB631EF0F}.Debug|Any CPU.Build.0 = Debug|Any CPU
		{D856B190-82D4-40E6-BDE8-1E3EB631EF0F}.Debug|Any CPU.Deploy.0 = Debug|Any CPU
		{D856B190-82D4-40E6-BDE8-1E3EB631EF0F}.Debug|ARM.ActiveCfg = Debug|Any CPU
		{D856B190-82D4-40E6-BDE8-1E3EB631EF0F}.Debug|ARM.Build.0 = Debug|Any CPU
		{D856B190-82D4-40E6-BDE8-1E3EB631EF0F}.Debug|ARM.Deploy.0 = Debug|Any CPU
		{D856B190-82D4-40E6-BDE8-1E3EB631EF0F}.Debug|iPhone.ActiveCfg = Debug|Any CPU
		{D856B190-82D4-40E6-BDE8-1E3EB631EF0F}.Debug|iPhone.Build.0 = Debug|Any CPU
		{D856B190-82D4-40E6-BDE8-1E3EB631EF0F}.Debug|iPhone.Deploy.0 = Debug|Any CPU
		{D856B190-82D4-40E6-BDE8-1E3EB631EF0F}.Debug|iPhoneSimulator.ActiveCfg = Debug|Any CPU
		{D856B190-82D4-40E6-BDE8-1E3EB631EF0F}.Debug|iPhoneSimulator.Build.0 = Debug|Any CPU
		{D856B190-82D4-40E6-BDE8-1E3EB631EF0F}.Debug|iPhoneSimulator.Deploy.0 = Debug|Any CPU
		{D856B190-82D4-40E6-BDE8-1E3EB631EF0F}.Debug|x64.ActiveCfg = Debug|Any CPU
		{D856B190-82D4-40E6-BDE8-1E3EB631EF0F}.Debug|x64.Build.0 = Debug|Any CPU
		{D856B190-82D4-40E6-BDE8-1E3EB631EF0F}.Debug|x64.Deploy.0 = Debug|Any CPU
		{D856B190-82D4-40E6-BDE8-1E3EB631EF0F}.Debug|x86.ActiveCfg = Debug|Any CPU
		{D856B190-82D4-40E6-BDE8-1E3EB631EF0F}.Debug|x86.Build.0 = Debug|Any CPU
		{D856B190-82D4-40E6-BDE8-1E3EB631EF0F}.Debug|x86.Deploy.0 = Debug|Any CPU
		{D856B190-82D4-40E6-BDE8-1E3EB631EF0F}.Release|Any CPU.ActiveCfg = Release|Any CPU
		{D856B190-82D4-40E6-BDE8-1E3EB631EF0F}.Release|Any CPU.Build.0 = Release|Any CPU
		{D856B190-82D4-40E6-BDE8-1E3EB631EF0F}.Release|Any CPU.Deploy.0 = Release|Any CPU
		{D856B190-82D4-40E6-BDE8-1E3EB631EF0F}.Release|ARM.ActiveCfg = Release|Any CPU
		{D856B190-82D4-40E6-BDE8-1E3EB631EF0F}.Release|ARM.Build.0 = Release|Any CPU
		{D856B190-82D4-40E6-BDE8-1E3EB631EF0F}.Release|ARM.Deploy.0 = Release|Any CPU
		{D856B190-82D4-40E6-BDE8-1E3EB631EF0F}.Release|iPhone.ActiveCfg = Release|Any CPU
		{D856B190-82D4-40E6-BDE8-1E3EB631EF0F}.Release|iPhone.Build.0 = Release|Any CPU
		{D856B190-82D4-40E6-BDE8-1E3EB631EF0F}.Release|iPhone.Deploy.0 = Release|Any CPU
		{D856B190-82D4-40E6-BDE8-1E3EB631EF0F}.Release|iPhoneSimulator.ActiveCfg = Release|Any CPU
		{D856B190-82D4-40E6-BDE8-1E3EB631EF0F}.Release|iPhoneSimulator.Build.0 = Release|Any CPU
		{D856B190-82D4-40E6-BDE8-1E3EB631EF0F}.Release|iPhoneSimulator.Deploy.0 = Release|Any CPU
		{D856B190-82D4-40E6-BDE8-1E3EB631EF0F}.Release|x64.ActiveCfg = Release|Any CPU
		{D856B190-82D4-40E6-BDE8-1E3EB631EF0F}.Release|x64.Build.0 = Release|Any CPU
		{D856B190-82D4-40E6-BDE8-1E3EB631EF0F}.Release|x64.Deploy.0 = Release|Any CPU
		{D856B190-82D4-40E6-BDE8-1E3EB631EF0F}.Release|x86.ActiveCfg = Release|Any CPU
		{D856B190-82D4-40E6-BDE8-1E3EB631EF0F}.Release|x86.Build.0 = Release|Any CPU
		{D856B190-82D4-40E6-BDE8-1E3EB631EF0F}.Release|x86.Deploy.0 = Release|Any CPU
		{3D16676E-719A-4897-8C17-6D52EBD82808}.Debug|Any CPU.ActiveCfg = Debug|Any CPU
		{3D16676E-719A-4897-8C17-6D52EBD82808}.Debug|Any CPU.Build.0 = Debug|Any CPU
		{3D16676E-719A-4897-8C17-6D52EBD82808}.Debug|ARM.ActiveCfg = Debug|Any CPU
		{3D16676E-719A-4897-8C17-6D52EBD82808}.Debug|ARM.Build.0 = Debug|Any CPU
		{3D16676E-719A-4897-8C17-6D52EBD82808}.Debug|iPhone.ActiveCfg = Debug|Any CPU
		{3D16676E-719A-4897-8C17-6D52EBD82808}.Debug|iPhone.Build.0 = Debug|Any CPU
		{3D16676E-719A-4897-8C17-6D52EBD82808}.Debug|iPhoneSimulator.ActiveCfg = Debug|Any CPU
		{3D16676E-719A-4897-8C17-6D52EBD82808}.Debug|iPhoneSimulator.Build.0 = Debug|Any CPU
		{3D16676E-719A-4897-8C17-6D52EBD82808}.Debug|x64.ActiveCfg = Debug|Any CPU
		{3D16676E-719A-4897-8C17-6D52EBD82808}.Debug|x64.Build.0 = Debug|Any CPU
		{3D16676E-719A-4897-8C17-6D52EBD82808}.Debug|x86.ActiveCfg = Debug|Any CPU
		{3D16676E-719A-4897-8C17-6D52EBD82808}.Debug|x86.Build.0 = Debug|Any CPU
		{3D16676E-719A-4897-8C17-6D52EBD82808}.Release|Any CPU.ActiveCfg = Release|Any CPU
		{3D16676E-719A-4897-8C17-6D52EBD82808}.Release|Any CPU.Build.0 = Release|Any CPU
		{3D16676E-719A-4897-8C17-6D52EBD82808}.Release|ARM.ActiveCfg = Release|Any CPU
		{3D16676E-719A-4897-8C17-6D52EBD82808}.Release|ARM.Build.0 = Release|Any CPU
		{3D16676E-719A-4897-8C17-6D52EBD82808}.Release|iPhone.ActiveCfg = Release|Any CPU
		{3D16676E-719A-4897-8C17-6D52EBD82808}.Release|iPhone.Build.0 = Release|Any CPU
		{3D16676E-719A-4897-8C17-6D52EBD82808}.Release|iPhoneSimulator.ActiveCfg = Release|Any CPU
		{3D16676E-719A-4897-8C17-6D52EBD82808}.Release|iPhoneSimulator.Build.0 = Release|Any CPU
		{3D16676E-719A-4897-8C17-6D52EBD82808}.Release|x64.ActiveCfg = Release|Any CPU
		{3D16676E-719A-4897-8C17-6D52EBD82808}.Release|x64.Build.0 = Release|Any CPU
		{3D16676E-719A-4897-8C17-6D52EBD82808}.Release|x86.ActiveCfg = Release|Any CPU
		{3D16676E-719A-4897-8C17-6D52EBD82808}.Release|x86.Build.0 = Release|Any CPU
		{03438C40-B8A4-473B-A081-A3C1CE705437}.Debug|Any CPU.ActiveCfg = Debug|Any CPU
		{03438C40-B8A4-473B-A081-A3C1CE705437}.Debug|Any CPU.Build.0 = Debug|Any CPU
		{03438C40-B8A4-473B-A081-A3C1CE705437}.Debug|ARM.ActiveCfg = Debug|Any CPU
		{03438C40-B8A4-473B-A081-A3C1CE705437}.Debug|ARM.Build.0 = Debug|Any CPU
		{03438C40-B8A4-473B-A081-A3C1CE705437}.Debug|iPhone.ActiveCfg = Debug|Any CPU
		{03438C40-B8A4-473B-A081-A3C1CE705437}.Debug|iPhone.Build.0 = Debug|Any CPU
		{03438C40-B8A4-473B-A081-A3C1CE705437}.Debug|iPhoneSimulator.ActiveCfg = Debug|Any CPU
		{03438C40-B8A4-473B-A081-A3C1CE705437}.Debug|iPhoneSimulator.Build.0 = Debug|Any CPU
		{03438C40-B8A4-473B-A081-A3C1CE705437}.Debug|x64.ActiveCfg = Debug|Any CPU
		{03438C40-B8A4-473B-A081-A3C1CE705437}.Debug|x64.Build.0 = Debug|Any CPU
		{03438C40-B8A4-473B-A081-A3C1CE705437}.Debug|x86.ActiveCfg = Debug|Any CPU
		{03438C40-B8A4-473B-A081-A3C1CE705437}.Debug|x86.Build.0 = Debug|Any CPU
		{03438C40-B8A4-473B-A081-A3C1CE705437}.Release|Any CPU.ActiveCfg = Release|Any CPU
		{03438C40-B8A4-473B-A081-A3C1CE705437}.Release|Any CPU.Build.0 = Release|Any CPU
		{03438C40-B8A4-473B-A081-A3C1CE705437}.Release|ARM.ActiveCfg = Release|Any CPU
		{03438C40-B8A4-473B-A081-A3C1CE705437}.Release|ARM.Build.0 = Release|Any CPU
		{03438C40-B8A4-473B-A081-A3C1CE705437}.Release|iPhone.ActiveCfg = Release|Any CPU
		{03438C40-B8A4-473B-A081-A3C1CE705437}.Release|iPhone.Build.0 = Release|Any CPU
		{03438C40-B8A4-473B-A081-A3C1CE705437}.Release|iPhoneSimulator.ActiveCfg = Release|Any CPU
		{03438C40-B8A4-473B-A081-A3C1CE705437}.Release|iPhoneSimulator.Build.0 = Release|Any CPU
		{03438C40-B8A4-473B-A081-A3C1CE705437}.Release|x64.ActiveCfg = Release|Any CPU
		{03438C40-B8A4-473B-A081-A3C1CE705437}.Release|x64.Build.0 = Release|Any CPU
		{03438C40-B8A4-473B-A081-A3C1CE705437}.Release|x86.ActiveCfg = Release|Any CPU
		{03438C40-B8A4-473B-A081-A3C1CE705437}.Release|x86.Build.0 = Release|Any CPU
	EndGlobalSection
	GlobalSection(SolutionProperties) = preSolution
		HideSolutionNode = FALSE
	EndGlobalSection
	GlobalSection(ExtensibilityGlobals) = postSolution
		SolutionGuid = {1CB3D621-B246-4E42-B1B0-4724D6E198F5}
	EndGlobalSection
EndGlobal
